<?xml version="1.0" encoding="utf-8"?>
<Project ToolsVersion="4.0" xmlns="http://schemas.microsoft.com/developer/msbuild/2003">
  <ItemGroup>
    <Filter Include="win32">
      <UniqueIdentifier>{84a8ebd7-7cf0-47f6-b75e-d441df67da40}</UniqueIdentifier>
    </Filter>
    <Filter Include="Classes">
      <UniqueIdentifier>{bb6c862e-70e9-49d9-81b7-3829a6f50471}</UniqueIdentifier>
    </Filter>
    <Filter Include="Classes\Test">
      <UniqueIdentifier>{499f5f61-f2bd-4d9d-9315-08a78a698d87}</UniqueIdentifier>
    </Filter>
    <Filter Include="CocosBase">
      <UniqueIdentifier>{d46f7ced-51c4-42b6-87b1-1df588016c15}</UniqueIdentifier>
    </Filter>
  </ItemGroup>
  <ItemGroup>
    <ClCompile Include="main.cpp">
      <Filter>win32</Filter>
    </ClCompile>
    <ClCompile Include="..\Classes\AppDelegate.cpp">
      <Filter>Classes</Filter>
    </ClCompile>
    <ClCompile Include="..\..\CocosBase\CCBundle.cpp">
      <Filter>CocosBase</Filter>
    </ClCompile>
    <ClCompile Include="..\..\CocosBase\CCSceneExtension.cpp">
      <Filter>CocosBase</Filter>
    </ClCompile>
    <ClCompile Include="..\..\CocosBase\CCSceneManager.cpp">
      <Filter>CocosBase</Filter>
    </ClCompile>
    <ClCompile Include="..\..\CocosBase\CCSceneExTransition.cpp">
      <Filter>CocosBase</Filter>
    </ClCompile>
    <ClCompile Include="..\..\CocosBase\CCMsgManager.cpp">
      <Filter>CocosBase</Filter>
    </ClCompile>
    <ClCompile Include="..\..\CocosBase\CCMsgDelegate.cpp">
      <Filter>CocosBase</Filter>
    </ClCompile>
    <ClCompile Include="..\Classes\MenuScene.cpp">
      <Filter>Classes</Filter>
    </ClCompile>
    <ClCompile Include="..\Classes\Test\BasicSceneTest\BasicSceneTest.cpp">
      <Filter>Classes\Test</Filter>
    </ClCompile>
  </ItemGroup>
  <ItemGroup>
    <ClInclude Include="main.h">
      <Filter>win32</Filter>
    </ClInclude>
    <ClInclude Include="..\Classes\AppDelegate.h">
      <Filter>Classes</Filter>
    </ClInclude>
    <ClInclude Include="..\..\CocosBase\CCBundle.h">
      <Filter>CocosBase</Filter>
    </ClInclude>
    <ClInclude Include="..\..\CocosBase\cocos-base.h">
      <Filter>CocosBase</Filter>
    </ClInclude>
    <ClInclude Include="..\..\CocosBase\CCSceneExtension.h">
      <Filter>CocosBase</Filter>
    </ClInclude>
    <ClInclude Include="..\..\CocosBase\CCSceneManager.h">
      <Filter>CocosBase</Filter>
    </ClInclude>
    <ClInclude Include="..\..\CocosBase\CCSceneExTransition.h">
      <Filter>CocosBase</Filter>
    </ClInclude>
    <ClInclude Include="..\..\CocosBase\CCMsgManager.h">
      <Filter>CocosBase</Filter>
    </ClInclude>
    <ClInclude Include="..\..\CocosBase\CCMsgDelegate.h">
      <Filter>CocosBase</Filter>
    </ClInclude>
    <ClInclude Include="..\..\CocosBase\CCBaseMacros.h">
      <Filter>CocosBase</Filter>
    </ClInclude>
    <ClInclude Include="..\Classes\MenuScene.h">
      <Filter>Classes</Filter>
    </ClInclude>
    <ClInclude Include="..\Classes\Test\BasicSceneTest\BasicSceneTest.h">
      <Filter>Classes\Test</Filter>
    </ClInclude>
  </ItemGroup>
</Project>